
Microsoft Visual Studio Solution File, Format Version 12.00
# Visual Studio 15
VisualStudioVersion = 15.0.28307.1209
MinimumVisualStudioVersion = 10.0.40219.1
Project("{FAE04EC0-301F-11D3-BF4B-00C04F79EFBC}") = "VDSetting", "VDSetting\VDSetting.csproj", "{5A5EE798-CEF2-4845-844E-97F9EB2FA674}"
EndProject
Global
	GlobalSection(SolutionConfigurationPlatforms) = preSolution
		Debug|Any CPU = Debug|Any CPU
		Release|Any CPU = Release|Any CPU
	EndGlobalSection
	GlobalSection(ProjectConfigurationPlatforms) = postSolution
		{5A5EE798-CEF2-4845-844E-97F9EB2FA674}.Debug|Any CPU.ActiveCfg = Debug|Any CPU
		{5A5EE798-CEF2-4845-844E-97F9EB2FA674}.Debug|Any CPU.Build.0 = Debug|Any CPU
		{5A5EE798-CEF2-4845-844E-97F9EB2FA674}.Release|Any CPU.ActiveCfg = Release|Any CPU
		{5A5EE798-CEF2-4845-844E-97F9EB2FA674}.Release|Any CPU.Build.0 = Release|Any CPU
	EndGlobalSection
	GlobalSection(SolutionProperties) = preSolution
		HideSolutionNode = FALSE
	EndGlobalSection
	GlobalSection(ExtensibilityGlobals) = postSolution
		SolutionGuid = {049AD3EA-27B9-4149-B904-E5697B41FAC7}
	EndGlobalSection
EndGlobal
